
Microsoft Visual Studio Solution File, Format Version 12.00
# Visual Studio Version 17
VisualStudioVersion = 17.0.31903.59
MinimumVisualStudioVersion = 10.0.40219.1
Project("{2150E333-8FDC-42A3-9474-1A3956D46DE8}") = "src", "src", "{827E0CD3-B72D-47B6-A68D-7590B98EB39B}"
EndProject
Project("{FAE04EC0-301F-11D3-BF4B-00C04F79EFBC}") = "Macrofy.Platform", "src\Macrofy.Platform\Macrofy.Platform.csproj", "{0A155097-5CD6-47C2-A678-1A01F601662A}"
EndProject
Project("{FAE04EC0-301F-11D3-BF4B-00C04F79EFBC}") = "Macrofy.Core", "src\Macrofy.Core\Macrofy.Core.csproj", "{6FBF0AAE-F10F-433F-82EB-3C9D5C5B49B4}"
EndProject
Project("{FAE04EC0-301F-11D3-BF4B-00C04F79EFBC}") = "Macrofy.Platform.Windows", "src\Macrofy.Platform.Windows\Macrofy.Platform.Windows.csproj", "{3575ADA4-EAC8-4D2C-B1EA-BA62B7372163}"
EndProject
Project("{FAE04EC0-301F-11D3-BF4B-00C04F79EFBC}") = "Macrofy.App", "src\Macrofy.App\Macrofy.App.csproj", "{F2C99D08-2FFD-47A8-8CDF-2113399EDC85}"
EndProject
Project("{2150E333-8FDC-42A3-9474-1A3956D46DE8}") = "tests", "tests", "{0AB3BF05-4346-4AA6-1389-037BE0695223}"
EndProject
Project("{FAE04EC0-301F-11D3-BF4B-00C04F79EFBC}") = "Macrofy.Core.Tests", "tests\Macrofy.Core.Tests\Macrofy.Core.Tests.csproj", "{98BFB4F1-D97E-4AD0-B029-A6083AE6FFE7}"
EndProject
Project("{FAE04EC0-301F-11D3-BF4B-00C04F79EFBC}") = "Macrofy.Platform.Windows.Tests", "tests\Macrofy.Platform.Windows.Tests\Macrofy.Platform.Windows.Tests.csproj", "{6713AEBC-25C3-477E-A009-68C8524466DF}"
EndProject
Project("{FAE04EC0-301F-11D3-BF4B-00C04F79EFBC}") = "Macrofy.App.Tests", "tests\Macrofy.App.Tests\Macrofy.App.Tests.csproj", "{4B343A8C-4AC3-47A3-820C-4C030F37D299}"
EndProject
Global
	GlobalSection(SolutionConfigurationPlatforms) = preSolution
		Debug|Any CPU = Debug|Any CPU
		Debug|x64 = Debug|x64
		Debug|x86 = Debug|x86
		Release|Any CPU = Release|Any CPU
		Release|x64 = Release|x64
		Release|x86 = Release|x86
	EndGlobalSection
	GlobalSection(ProjectConfigurationPlatforms) = postSolution
		{0A155097-5CD6-47C2-A678-1A01F601662A}.Debug|Any CPU.ActiveCfg = Debug|Any CPU
		{0A155097-5CD6-47C2-A678-1A01F601662A}.Debug|Any CPU.Build.0 = Debug|Any CPU
		{0A155097-5CD6-47C2-A678-1A01F601662A}.Debug|x64.ActiveCfg = Debug|Any CPU
		{0A155097-5CD6-47C2-A678-1A01F601662A}.Debug|x64.Build.0 = Debug|Any CPU
		{0A155097-5CD6-47C2-A678-1A01F601662A}.Debug|x86.ActiveCfg = Debug|Any CPU
		{0A155097-5CD6-47C2-A678-1A01F601662A}.Debug|x86.Build.0 = Debug|Any CPU
		{0A155097-5CD6-47C2-A678-1A01F601662A}.Release|Any CPU.ActiveCfg = Release|Any CPU
		{0A155097-5CD6-47C2-A678-1A01F601662A}.Release|Any CPU.Build.0 = Release|Any CPU
		{0A155097-5CD6-47C2-A678-1A01F601662A}.Release|x64.ActiveCfg = Release|Any CPU
		{0A155097-5CD6-47C2-A678-1A01F601662A}.Release|x64.Build.0 = Release|Any CPU
		{0A155097-5CD6-47C2-A678-1A01F601662A}.Release|x86.ActiveCfg = Release|Any CPU
		{0A155097-5CD6-47C2-A678-1A01F601662A}.Release|x86.Build.0 = Release|Any CPU
		{6FBF0AAE-F10F-433F-82EB-3C9D5C5B49B4}.Debug|Any CPU.ActiveCfg = Debug|Any CPU
		{6FBF0AAE-F10F-433F-82EB-3C9D5C5B49B4}.Debug|Any CPU.Build.0 = Debug|Any CPU
		{6FBF0AAE-F10F-433F-82EB-3C9D5C5B49B4}.Debug|x64.ActiveCfg = Debug|Any CPU
		{6FBF0AAE-F10F-433F-82EB-3C9D5C5B49B4}.Debug|x64.Build.0 = Debug|Any CPU
		{6FBF0AAE-F10F-433F-82EB-3C9D5C5B49B4}.Debug|x86.ActiveCfg = Debug|Any CPU
		{6FBF0AAE-F10F-433F-82EB-3C9D5C5B49B4}.Debug|x86.Build.0 = Debug|Any CPU
		{6FBF0AAE-F10F-433F-82EB-3C9D5C5B49B4}.Release|Any CPU.ActiveCfg = Release|Any CPU
		{6FBF0AAE-F10F-433F-82EB-3C9D5C5B49B4}.Release|Any CPU.Build.0 = Release|Any CPU
		{6FBF0AAE-F10F-433F-82EB-3C9D5C5B49B4}.Release|x64.ActiveCfg = Release|Any CPU
		{6FBF0AAE-F10F-433F-82EB-3C9D5C5B49B4}.Release|x64.Build.0 = Release|Any CPU
		{6FBF0AAE-F10F-433F-82EB-3C9D5C5B49B4}.Release|x86.ActiveCfg = Release|Any CPU
		{6FBF0AAE-F10F-433F-82EB-3C9D5C5B49B4}.Release|x86.Build.0 = Release|Any CPU
		{3575ADA4-EAC8-4D2C-B1EA-BA62B7372163}.Debug|Any CPU.ActiveCfg = Debug|Any CPU
		{3575ADA4-EAC8-4D2C-B1EA-BA62B7372163}.Debug|Any CPU.Build.0 = Debug|Any CPU
		{3575ADA4-EAC8-4D2C-B1EA-BA62B7372163}.Debug|x64.ActiveCfg = Debug|Any CPU
		{3575ADA4-EAC8-4D2C-B1EA-BA62B7372163}.Debug|x64.Build.0 = Debug|Any CPU
		{3575ADA4-EAC8-4D2C-B1EA-BA62B7372163}.Debug|x86.ActiveCfg = Debug|Any CPU
		{3575ADA4-EAC8-4D2C-B1EA-BA62B7372163}.Debug|x86.Build.0 = Debug|Any CPU
		{3575ADA4-EAC8-4D2C-B1EA-BA62B7372163}.Release|Any CPU.ActiveCfg = Release|Any CPU
		{3575ADA4-EAC8-4D2C-B1EA-BA62B7372163}.Release|Any CPU.Build.0 = Release|Any CPU
		{3575ADA4-EAC8-4D2C-B1EA-BA62B7372163}.Release|x64.ActiveCfg = Release|Any CPU
		{3575ADA4-EAC8-4D2C-B1EA-BA62B7372163}.Release|x64.Build.0 = Release|Any CPU
		{3575ADA4-EAC8-4D2C-B1EA-BA62B7372163}.Release|x86.ActiveCfg = Release|Any CPU
		{3575ADA4-EAC8-4D2C-B1EA-BA62B7372163}.Release|x86.Build.0 = Release|Any CPU
		{F2C99D08-2FFD-47A8-8CDF-2113399EDC85}.Debug|Any CPU.ActiveCfg = Debug|Any CPU
		{F2C99D08-2FFD-47A8-8CDF-2113399EDC85}.Debug|Any CPU.Build.0 = Debug|Any CPU
		{F2C99D08-2FFD-47A8-8CDF-2113399EDC85}.Debug|x64.ActiveCfg = Debug|Any CPU
		{F2C99D08-2FFD-47A8-8CDF-2113399EDC85}.Debug|x64.Build.0 = Debug|Any CPU
		{F2C99D08-2FFD-47A8-8CDF-2113399EDC85}.Debug|x86.ActiveCfg = Debug|Any CPU
		{F2C99D08-2FFD-47A8-8CDF-2113399EDC85}.Debug|x86.Build.0 = Debug|Any CPU
		{F2C99D08-2FFD-47A8-8CDF-2113399EDC85}.Release|Any CPU.ActiveCfg = Release|Any CPU
		{F2C99D08-2FFD-47A8-8CDF-2113399EDC85}.Release|Any CPU.Build.0 = Release|Any CPU
		{F2C99D08-2FFD-47A8-8CDF-2113399EDC85}.Release|x64.ActiveCfg = Release|Any CPU
		{F2C99D08-2FFD-47A8-8CDF-2113399EDC85}.Release|x64.Build.0 = Release|Any CPU
		{F2C99D08-2FFD-47A8-8CDF-2113399EDC85}.Release|x86.ActiveCfg = Release|Any CPU
		{F2C99D08-2FFD-47A8-8CDF-2113399EDC85}.Release|x86.Build.0 = Release|Any CPU
		{98BFB4F1-D97E-4AD0-B029-A6083AE6FFE7}.Debug|Any CPU.ActiveCfg = Debug|Any CPU
		{98BFB4F1-D97E-4AD0-B029-A6083AE6FFE7}.Debug|Any CPU.Build.0 = Debug|Any CPU
		{98BFB4F1-D97E-4AD0-B029-A6083AE6FFE7}.Debug|x64.ActiveCfg = Debug|Any CPU
		{98BFB4F1-D97E-4AD0-B029-A6083AE6FFE7}.Debug|x64.Build.0 = Debug|Any CPU
		{98BFB4F1-D97E-4AD0-B029-A6083AE6FFE7}.Debug|x86.ActiveCfg = Debug|Any CPU
		{98BFB4F1-D97E-4AD0-B029-A6083AE6FFE7}.Debug|x86.Build.0 = Debug|Any CPU
		{98BFB4F1-D97E-4AD0-B029-A6083AE6FFE7}.Release|Any CPU.ActiveCfg = Release|Any CPU
		{98BFB4F1-D97E-4AD0-B029-A6083AE6FFE7}.Release|Any CPU.Build.0 = Release|Any CPU
		{98BFB4F1-D97E-4AD0-B029-A6083AE6FFE7}.Release|x64.ActiveCfg = Release|Any CPU
		{98BFB4F1-D97E-4AD0-B029-A6083AE6FFE7}.Release|x64.Build.0 = Release|Any CPU
		{98BFB4F1-D97E-4AD0-B029-A6083AE6FFE7}.Release|x86.ActiveCfg = Release|Any CPU
		{98BFB4F1-D97E-4AD0-B029-A6083AE6FFE7}.Release|x86.Build.0 = Release|Any CPU
		{6713AEBC-25C3-477E-A009-68C8524466DF}.Debug|Any CPU.ActiveCfg = Debug|Any CPU
		{6713AEBC-25C3-477E-A009-68C8524466DF}.Debug|Any CPU.Build.0 = Debug|Any CPU
		{6713AEBC-25C3-477E-A009-68C8524466DF}.Debug|x64.ActiveCfg = Debug|Any CPU
		{6713AEBC-25C3-477E-A009-68C8524466DF}.Debug|x64.Build.0 = Debug|Any CPU
		{6713AEBC-25C3-477E-A009-68C8524466DF}.Debug|x86.ActiveCfg = Debug|Any CPU
		{6713AEBC-25C3-477E-A009-68C8524466DF}.Debug|x86.Build.0 = Debug|Any CPU
		{6713AEBC-25C3-477E-A009-68C8524466DF}.Release|Any CPU.ActiveCfg = Release|Any CPU
		{6713AEBC-25C3-477E-A009-68C8524466DF}.Release|Any CPU.Build.0 = Release|Any CPU
		{6713AEBC-25C3-477E-A009-68C8524466DF}.Release|x64.ActiveCfg = Release|Any CPU
		{6713AEBC-25C3-477E-A009-68C8524466DF}.Release|x64.Build.0 = Release|Any CPU
		{6713AEBC-25C3-477E-A009-68C8524466DF}.Release|x86.ActiveCfg = Release|Any CPU
		{6713AEBC-25C3-477E-A009-68C8524466DF}.Release|x86.Build.0 = Release|Any CPU
		{4B343A8C-4AC3-47A3-820C-4C030F37D299}.Debug|Any CPU.ActiveCfg = Debug|Any CPU
		{4B343A8C-4AC3-47A3-820C-4C030F37D299}.Debug|Any CPU.Build.0 = Debug|Any CPU
		{4B343A8C-4AC3-47A3-820C-4C030F37D299}.Debug|x64.ActiveCfg = Debug|Any CPU
		{4B343A8C-4AC3-47A3-820C-4C030F37D299}.Debug|x64.Build.0 = Debug|Any CPU
		{4B343A8C-4AC3-47A3-820C-4C030F37D299}.Debug|x86.ActiveCfg = Debug|Any CPU
		{4B343A8C-4AC3-47A3-820C-4C030F37D299}.Debug|x86.Build.0 = Debug|Any CPU
		{4B343A8C-4AC3-47A3-820C-4C030F37D299}.Release|Any CPU.ActiveCfg = Release|Any CPU
		{4B343A8C-4AC3-47A3-820C-4C030F37D299}.Release|Any CPU.Build.0 = Release|Any CPU
		{4B343A8C-4AC3-47A3-820C-4C030F37D299}.Release|x64.ActiveCfg = Release|Any CPU
		{4B343A8C-4AC3-47A3-820C-4C030F37D299}.Release|x64.Build.0 = Release|Any CPU
		{4B343A8C-4AC3-47A3-820C-4C030F37D299}.Release|x86.ActiveCfg = Release|Any CPU
		{4B343A8C-4AC3-47A3-820C-4C030F37D299}.Release|x86.Build.0 = Release|Any CPU
	EndGlobalSection
	GlobalSection(SolutionProperties) = preSolution
		HideSolutionNode = FALSE
	EndGlobalSection
	GlobalSection(NestedProjects) = preSolution
		{0A155097-5CD6-47C2-A678-1A01F601662A} = {827E0CD3-B72D-47B6-A68D-7590B98EB39B}
		{6FBF0AAE-F10F-433F-82EB-3C9D5C5B49B4} = {827E0CD3-B72D-47B6-A68D-7590B98EB39B}
		{3575ADA4-EAC8-4D2C-B1EA-BA62B7372163} = {827E0CD3-B72D-47B6-A68D-7590B98EB39B}
		{F2C99D08-2FFD-47A8-8CDF-2113399EDC85} = {827E0CD3-B72D-47B6-A68D-7590B98EB39B}
		{98BFB4F1-D97E-4AD0-B029-A6083AE6FFE7} = {0AB3BF05-4346-4AA6-1389-037BE0695223}
		{6713AEBC-25C3-477E-A009-68C8524466DF} = {0AB3BF05-4346-4AA6-1389-037BE0695223}
		{4B343A8C-4AC3-47A3-820C-4C030F37D299} = {0AB3BF05-4346-4AA6-1389-037BE0695223}
	EndGlobalSection
EndGlobal
